
Microsoft Visual Studio Solution File, Format Version 12.00
# Visual Studio Version 17
VisualStudioVersion = 17.2.32516.85
MinimumVisualStudioVersion = 10.0.40219.1
Project("{FAE04EC0-301F-11D3-BF4B-00C04F79EFBC}") = "EZUJIA_HFT_2022232.Client", "EZUJIA_HFT_2022232\EZUJIA_HFT_2022232.Client.csproj", "{71A7512B-1240-41B0-B6BD-A48560434D76}"
EndProject
Project("{FAE04EC0-301F-11D3-BF4B-00C04F79EFBC}") = "EZUJIA_HFT_2022232.Models", "EZUJIA_HFT_2022232.Models\EZUJIA_HFT_2022232.Models.csproj", "{F6C31BD2-F292-4C53-87EC-23EFFCB06F58}"
EndProject
Project("{FAE04EC0-301F-11D3-BF4B-00C04F79EFBC}") = "EZUJIA_HFT_2022232.Logic", "EZUJIA_HFT_2022232.Logic\EZUJIA_HFT_2022232.Logic.csproj", "{3BC6EE06-39A3-42A6-BF67-F989812DFFC1}"
EndProject
Project("{FAE04EC0-301F-11D3-BF4B-00C04F79EFBC}") = "EZUJIA_HFT_2022232.Repository", "EZUJIA_HFT_2022232.Repository\EZUJIA_HFT_2022232.Repository.csproj", "{43BE0167-65C9-44E5-A56D-BA7B59433CEB}"
EndProject
Project("{FAE04EC0-301F-11D3-BF4B-00C04F79EFBC}") = "EZUJIA_HFT_2022232.Test", "EZUJIA_HFT_2022232.Test\EZUJIA_HFT_2022232.Test.csproj", "{3C08C3A0-DC38-4B30-82F9-5F13F7463A62}"
EndProject
Project("{FAE04EC0-301F-11D3-BF4B-00C04F79EFBC}") = "EZUJIA_HFT_2022232.Endpoint", "EZUJIA_HFT_2022232.Endpoint\EZUJIA_HFT_2022232.Endpoint.csproj", "{B6C28261-DFCB-4EC4-B1B1-9688747EAE05}"
EndProject
Project("{2150E333-8FDC-42A3-9474-1A3956D46DE8}") = "Backend", "Backend", "{D976FAC2-BD0C-4981-B87E-136109D49F9D}"
EndProject
Project("{2150E333-8FDC-42A3-9474-1A3956D46DE8}") = "Frontend", "Frontend", "{07100FF3-F526-4908-A18B-348D4E8C1C43}"
EndProject
Project("{2150E333-8FDC-42A3-9474-1A3956D46DE8}") = "Shared", "Shared", "{42CB2BF3-E578-4695-8CDF-E488591F3CAB}"
EndProject
Global
	GlobalSection(SolutionConfigurationPlatforms) = preSolution
		Debug|Any CPU = Debug|Any CPU
		Release|Any CPU = Release|Any CPU
	EndGlobalSection
	GlobalSection(ProjectConfigurationPlatforms) = postSolution
		{71A7512B-1240-41B0-B6BD-A48560434D76}.Debug|Any CPU.ActiveCfg = Debug|Any CPU
		{71A7512B-1240-41B0-B6BD-A48560434D76}.Debug|Any CPU.Build.0 = Debug|Any CPU
		{71A7512B-1240-41B0-B6BD-A48560434D76}.Release|Any CPU.ActiveCfg = Release|Any CPU
		{71A7512B-1240-41B0-B6BD-A48560434D76}.Release|Any CPU.Build.0 = Release|Any CPU
		{F6C31BD2-F292-4C53-87EC-23EFFCB06F58}.Debug|Any CPU.ActiveCfg = Debug|Any CPU
		{F6C31BD2-F292-4C53-87EC-23EFFCB06F58}.Debug|Any CPU.Build.0 = Debug|Any CPU
		{F6C31BD2-F292-4C53-87EC-23EFFCB06F58}.Release|Any CPU.ActiveCfg = Release|Any CPU
		{F6C31BD2-F292-4C53-87EC-23EFFCB06F58}.Release|Any CPU.Build.0 = Release|Any CPU
		{3BC6EE06-39A3-42A6-BF67-F989812DFFC1}.Debug|Any CPU.ActiveCfg = Debug|Any CPU
		{3BC6EE06-39A3-42A6-BF67-F989812DFFC1}.Debug|Any CPU.Build.0 = Debug|Any CPU
		{3BC6EE06-39A3-42A6-BF67-F989812DFFC1}.Release|Any CPU.ActiveCfg = Release|Any CPU
		{3BC6EE06-39A3-42A6-BF67-F989812DFFC1}.Release|Any CPU.Build.0 = Release|Any CPU
		{43BE0167-65C9-44E5-A56D-BA7B59433CEB}.Debug|Any CPU.ActiveCfg = Debug|Any CPU
		{43BE0167-65C9-44E5-A56D-BA7B59433CEB}.Debug|Any CPU.Build.0 = Debug|Any CPU
		{43BE0167-65C9-44E5-A56D-BA7B59433CEB}.Release|Any CPU.ActiveCfg = Release|Any CPU
		{43BE0167-65C9-44E5-A56D-BA7B59433CEB}.Release|Any CPU.Build.0 = Release|Any CPU
		{3C08C3A0-DC38-4B30-82F9-5F13F7463A62}.Debug|Any CPU.ActiveCfg = Debug|Any CPU
		{3C08C3A0-DC38-4B30-82F9-5F13F7463A62}.Debug|Any CPU.Build.0 = Debug|Any CPU
		{3C08C3A0-DC38-4B30-82F9-5F13F7463A62}.Release|Any CPU.ActiveCfg = Release|Any CPU
		{3C08C3A0-DC38-4B30-82F9-5F13F7463A62}.Release|Any CPU.Build.0 = Release|Any CPU
		{B6C28261-DFCB-4EC4-B1B1-9688747EAE05}.Debug|Any CPU.ActiveCfg = Debug|Any CPU
		{B6C28261-DFCB-4EC4-B1B1-9688747EAE05}.Debug|Any CPU.Build.0 = Debug|Any CPU
		{B6C28261-DFCB-4EC4-B1B1-9688747EAE05}.Release|Any CPU.ActiveCfg = Release|Any CPU
		{B6C28261-DFCB-4EC4-B1B1-9688747EAE05}.Release|Any CPU.Build.0 = Release|Any CPU
	EndGlobalSection
	GlobalSection(SolutionProperties) = preSolution
		HideSolutionNode = FALSE
	EndGlobalSection
	GlobalSection(NestedProjects) = preSolution
		{71A7512B-1240-41B0-B6BD-A48560434D76} = {07100FF3-F526-4908-A18B-348D4E8C1C43}
		{F6C31BD2-F292-4C53-87EC-23EFFCB06F58} = {42CB2BF3-E578-4695-8CDF-E488591F3CAB}
		{3BC6EE06-39A3-42A6-BF67-F989812DFFC1} = {D976FAC2-BD0C-4981-B87E-136109D49F9D}
		{43BE0167-65C9-44E5-A56D-BA7B59433CEB} = {D976FAC2-BD0C-4981-B87E-136109D49F9D}
		{3C08C3A0-DC38-4B30-82F9-5F13F7463A62} = {D976FAC2-BD0C-4981-B87E-136109D49F9D}
		{B6C28261-DFCB-4EC4-B1B1-9688747EAE05} = {D976FAC2-BD0C-4981-B87E-136109D49F9D}
	EndGlobalSection
	GlobalSection(ExtensibilityGlobals) = postSolution
		SolutionGuid = {5D4A9262-2FCE-4334-9781-0BC08977C711}
	EndGlobalSection
EndGlobal
