
Microsoft Visual Studio Solution File, Format Version 12.00
# Visual Studio Version 17
VisualStudioVersion = 17.2.32516.85
MinimumVisualStudioVersion = 10.0.40219.1
Project("{9A19103F-16F7-4668-BE54-9A1E7A4F7556}") = "EZUJIA_HFT_2022232.Client", "EZUJIA_HFT_2022232\EZUJIA_HFT_2022232.Client.csproj", "{71A7512B-1240-41B0-B6BD-A48560434D76}"
EndProject
Project("{9A19103F-16F7-4668-BE54-9A1E7A4F7556}") = "EZUJIA_HFT_2022232.Models", "EZUJIA_HFT_2022232.Models\EZUJIA_HFT_2022232.Models.csproj", "{F6C31BD2-F292-4C53-87EC-23EFFCB06F58}"
EndProject
Project("{9A19103F-16F7-4668-BE54-9A1E7A4F7556}") = "EZUJIA_HFT_2022232.Logic", "EZUJIA_HFT_2022232.Logic\EZUJIA_HFT_2022232.Logic.csproj", "{3BC6EE06-39A3-42A6-BF67-F989812DFFC1}"
EndProject
Project("{9A19103F-16F7-4668-BE54-9A1E7A4F7556}") = "EZUJIA_HFT_2022232.Repository", "EZUJIA_HFT_2022232.Repository\EZUJIA_HFT_2022232.Repository.csproj", "{43BE0167-65C9-44E5-A56D-BA7B59433CEB}"
EndProject
Project("{9A19103F-16F7-4668-BE54-9A1E7A4F7556}") = "EZUJIA_HFT_2022232.Test", "EZUJIA_HFT_2022232.Test\EZUJIA_HFT_2022232.Test.csproj", "{3C08C3A0-DC38-4B30-82F9-5F13F7463A62}"
EndProject
Project("{9A19103F-16F7-4668-BE54-9A1E7A4F7556}") = "EZUJIA_HFT_2022232.Endpoint", "EZUJIA_HFT_2022232.Endpoint\EZUJIA_HFT_2022232.Endpoint.csproj", "{B6C28261-DFCB-4EC4-B1B1-9688747EAE05}"
EndProject
Project("{2150E333-8FDC-42A3-9474-1A3956D46DE8}") = "Backend", "Backend", "{1F2CF89A-3F03-4781-B49F-DC85DFA53EF4}"
EndProject
Project("{2150E333-8FDC-42A3-9474-1A3956D46DE8}") = "Frontend", "Frontend", "{15D0CF22-1AAD-4BD1-8EF9-9B2531DD3B3B}"
EndProject
Project("{2150E333-8FDC-42A3-9474-1A3956D46DE8}") = "Shared", "Shared", "{0D4B228C-38C6-4B53-A910-1E2C7C7AAF94}"
EndProject
Global
	GlobalSection(SolutionConfigurationPlatforms) = preSolution
		Debug|Any CPU = Debug|Any CPU
		Release|Any CPU = Release|Any CPU
	EndGlobalSection
	GlobalSection(ProjectConfigurationPlatforms) = postSolution
		{71A7512B-1240-41B0-B6BD-A48560434D76}.Debug|Any CPU.ActiveCfg = Debug|Any CPU
		{71A7512B-1240-41B0-B6BD-A48560434D76}.Debug|Any CPU.Build.0 = Debug|Any CPU
		{71A7512B-1240-41B0-B6BD-A48560434D76}.Release|Any CPU.ActiveCfg = Release|Any CPU
		{71A7512B-1240-41B0-B6BD-A48560434D76}.Release|Any CPU.Build.0 = Release|Any CPU
		{F6C31BD2-F292-4C53-87EC-23EFFCB06F58}.Debug|Any CPU.ActiveCfg = Debug|Any CPU
		{F6C31BD2-F292-4C53-87EC-23EFFCB06F58}.Debug|Any CPU.Build.0 = Debug|Any CPU
		{F6C31BD2-F292-4C53-87EC-23EFFCB06F58}.Release|Any CPU.ActiveCfg = Release|Any CPU
		{F6C31BD2-F292-4C53-87EC-23EFFCB06F58}.Release|Any CPU.Build.0 = Release|Any CPU
		{3BC6EE06-39A3-42A6-BF67-F989812DFFC1}.Debug|Any CPU.ActiveCfg = Debug|Any CPU
		{3BC6EE06-39A3-42A6-BF67-F989812DFFC1}.Debug|Any CPU.Build.0 = Debug|Any CPU
		{3BC6EE06-39A3-42A6-BF67-F989812DFFC1}.Release|Any CPU.ActiveCfg = Release|Any CPU
		{3BC6EE06-39A3-42A6-BF67-F989812DFFC1}.Release|Any CPU.Build.0 = Release|Any CPU
		{43BE0167-65C9-44E5-A56D-BA7B59433CEB}.Debug|Any CPU.ActiveCfg = Debug|Any CPU
		{43BE0167-65C9-44E5-A56D-BA7B59433CEB}.Debug|Any CPU.Build.0 = Debug|Any CPU
		{43BE0167-65C9-44E5-A56D-BA7B59433CEB}.Release|Any CPU.ActiveCfg = Release|Any CPU
		{43BE0167-65C9-44E5-A56D-BA7B59433CEB}.Release|Any CPU.Build.0 = Release|Any CPU
		{3C08C3A0-DC38-4B30-82F9-5F13F7463A62}.Debug|Any CPU.ActiveCfg = Debug|Any CPU
		{3C08C3A0-DC38-4B30-82F9-5F13F7463A62}.Debug|Any CPU.Build.0 = Debug|Any CPU
		{3C08C3A0-DC38-4B30-82F9-5F13F7463A62}.Release|Any CPU.ActiveCfg = Release|Any CPU
		{3C08C3A0-DC38-4B30-82F9-5F13F7463A62}.Release|Any CPU.Build.0 = Release|Any CPU
		{B6C28261-DFCB-4EC4-B1B1-9688747EAE05}.Debug|Any CPU.ActiveCfg = Debug|Any CPU
		{B6C28261-DFCB-4EC4-B1B1-9688747EAE05}.Debug|Any CPU.Build.0 = Debug|Any CPU
		{B6C28261-DFCB-4EC4-B1B1-9688747EAE05}.Release|Any CPU.ActiveCfg = Release|Any CPU
		{B6C28261-DFCB-4EC4-B1B1-9688747EAE05}.Release|Any CPU.Build.0 = Release|Any CPU
	EndGlobalSection
	GlobalSection(SolutionProperties) = preSolution
		HideSolutionNode = FALSE
	EndGlobalSection
	GlobalSection(NestedProjects) = preSolution
		{71A7512B-1240-41B0-B6BD-A48560434D76} = {15D0CF22-1AAD-4BD1-8EF9-9B2531DD3B3B}
		{F6C31BD2-F292-4C53-87EC-23EFFCB06F58} = {0D4B228C-38C6-4B53-A910-1E2C7C7AAF94}
		{3BC6EE06-39A3-42A6-BF67-F989812DFFC1} = {1F2CF89A-3F03-4781-B49F-DC85DFA53EF4}
		{43BE0167-65C9-44E5-A56D-BA7B59433CEB} = {1F2CF89A-3F03-4781-B49F-DC85DFA53EF4}
		{3C08C3A0-DC38-4B30-82F9-5F13F7463A62} = {1F2CF89A-3F03-4781-B49F-DC85DFA53EF4}
		{B6C28261-DFCB-4EC4-B1B1-9688747EAE05} = {1F2CF89A-3F03-4781-B49F-DC85DFA53EF4}
	EndGlobalSection
	GlobalSection(ExtensibilityGlobals) = postSolution
		SolutionGuid = {5D4A9262-2FCE-4334-9781-0BC08977C711}
	EndGlobalSection
EndGlobal
